PODS:
  - Masonry (1.1.0)
  - MJExtension (3.0.15.1)
  - MJRefresh (3.1.15.7)
  - SDWebImage (5.0.0-beta3):
    - SDWebImage/Core (= 5.0.0-beta3)
  - SDWebImage/Core (5.0.0-beta3)
  - TTTAttributedLabel (2.0.0)

DEPENDENCIES:
  - Masonry (~> 1.1.0)
  - MJExtension (~> 3.0.13)
  - MJRefresh (~> 3.1.15.3)
  - SDWebImage (~> 5.0.0-beta2)
  - TTTAttributedLabel (~> 2.0.0)

SPEC REPOS:
  https://github.com/cocoapods/specs.git:
    - Masonry
    - MJExtension
    - MJRefresh
    - SDWebImage
    - TTTAttributedLabel

SPEC CHECKSUMS:
  Masonry: 678fab65091a9290e40e2832a55e7ab731aad201
  MJExtension: 19bc33ce2eee2d319760f5622562cf581a6ff756
  MJRefresh: 697f8ec75ebdbe9207767bb682cf0f51b0d8a41f
  SDWebImage: e52654ceef9fdc19f4c612d64a5b6d3f05dd81a4
  TTTAttributedLabel: 8cffe8e127e4e82ff3af1e5386d4cd0ad000b656

PODFILE CHECKSUM: 268e369dd1b32bc7854f91ea3e2600b0a8c55e27

COCOAPODS: 1.5.3
